// !$*UTF8*$!
{
	archiveVersion = 1;
	classes = {
	};
	objectVersion = 55;
	objects = {

/* Begin PBXBuildFile section */
		053F243B293EEEE700B90350 /* VideoTableViewCell.swift in Sources */ = {isa = PBXBuildFile; fileRef = 053F2439293EEEE700B90350 /* VideoTableViewCell.swift */; };
		053F243C293EEEE700B90350 /* VideoTableViewCell.xib in Resources */ = {isa = PBXBuildFile; fileRef = 053F243A293EEEE700B90350 /* VideoTableViewCell.xib */; };
		0543ED36293EDA4B006A3B97 /* CollectionsCell.swift in Sources */ = {isa = PBXBuildFile; fileRef = 0543ED34293EDA4B006A3B97 /* CollectionsCell.swift */; };
		0543ED37293EDA4B006A3B97 /* CollectionsCell.xib in Resources */ = {isa = PBXBuildFile; fileRef = 0543ED35293EDA4B006A3B97 /* CollectionsCell.xib */; };
		054851F729ADDD1C00E1383F /* TextManager.swift in Sources */ = {isa = PBXBuildFile; fileRef = 054851F629ADDD1C00E1383F /* TextManager.swift */; };
		054851FA29ADDEB700E1383F /* FocusSquare.swift in Sources */ = {isa = PBXBuildFile; fileRef = 054851F929ADDEB700E1383F /* FocusSquare.swift */; };
		054851FC29ADE04D00E1383F /* FocusSquareSegment.swift in Sources */ = {isa = PBXBuildFile; fileRef = 054851FB29ADE04D00E1383F /* FocusSquareSegment.swift */; };
		054851FF29ADEDD700E1383F /* Plane.swift in Sources */ = {isa = PBXBuildFile; fileRef = 054851FE29ADEDD700E1383F /* Plane.swift */; };
		0548520529ADEFC000E1383F /* wood-diffuse.jpg in Resources */ = {isa = PBXBuildFile; fileRef = 0548520229ADEFC000E1383F /* wood-diffuse.jpg */; };
		0548520629ADEFC000E1383F /* wood-normal.png in Resources */ = {isa = PBXBuildFile; fileRef = 0548520329ADEFC000E1383F /* wood-normal.png */; };
		0548520729ADEFC000E1383F /* wood-specular.jpg in Resources */ = {isa = PBXBuildFile; fileRef = 0548520429ADEFC000E1383F /* wood-specular.jpg */; };
		0548520929ADEFE300E1383F /* Models.scnassets in Resources */ = {isa = PBXBuildFile; fileRef = 0548520829ADEFE300E1383F /* Models.scnassets */; };
		054E39E32941853200F2E33E /* HomeModel.swift in Sources */ = {isa = PBXBuildFile; fileRef = 054E39E22941853200F2E33E /* HomeModel.swift */; };
		055D165E29399FA100824475 /* Extention.swift in Sources */ = {isa = PBXBuildFile; fileRef = 055D165D29399FA100824475 /* Extention.swift */; };
		055D16612939D4C200824475 /* FashionHomeViewController.swift in Sources */ = {isa = PBXBuildFile; fileRef = 055D16602939D4C200824475 /* FashionHomeViewController.swift */; };
		055D16642939D5B300824475 /* Logo.png in Resources */ = {isa = PBXBuildFile; fileRef = 055D16632939D5B300824475 /* Logo.png */; };
		055D16692939F01200824475 /* TableViewCell.swift in Sources */ = {isa = PBXBuildFile; fileRef = 055D16672939F01200824475 /* TableViewCell.swift */; };
		055D166A2939F01200824475 /* TableViewCell.xib in Resources */ = {isa = PBXBuildFile; fileRef = 055D16682939F01200824475 /* TableViewCell.xib */; };
		055D166E2939F04700824475 /* CollectionViewCell.swift in Sources */ = {isa = PBXBuildFile; fileRef = 055D166C2939F04700824475 /* CollectionViewCell.swift */; };
		055D166F2939F04700824475 /* CollectionViewCell.xib in Resources */ = {isa = PBXBuildFile; fileRef = 055D166D2939F04700824475 /* CollectionViewCell.xib */; };
		055D9C01293D857100BE6D8F /* Banner.png in Resources */ = {isa = PBXBuildFile; fileRef = 055D9C00293D857100BE6D8F /* Banner.png */; };
		055D9C05293D86DC00BE6D8F /* MenuProductCell.swift in Sources */ = {isa = PBXBuildFile; fileRef = 055D9C03293D86DC00BE6D8F /* MenuProductCell.swift */; };
		055D9C06293D86DC00BE6D8F /* MenuProductCell.xib in Resources */ = {isa = PBXBuildFile; fileRef = 055D9C04293D86DC00BE6D8F /* MenuProductCell.xib */; };
		055D9C0A293D931A00BE6D8F /* MenuArrivalItemCell.swift in Sources */ = {isa = PBXBuildFile; fileRef = 055D9C08293D931A00BE6D8F /* MenuArrivalItemCell.swift */; };
		055D9C0B293D931A00BE6D8F /* MenuArrivalItemCell.xib in Resources */ = {isa = PBXBuildFile; fileRef = 055D9C09293D931A00BE6D8F /* MenuArrivalItemCell.xib */; };
		055D9C0F293DA85C00BE6D8F /* CollectionViewCenteredFlowLayout.swift in Sources */ = {isa = PBXBuildFile; fileRef = 055D9C0E293DA85C00BE6D8F /* CollectionViewCenteredFlowLayout.swift */; };
		055D9C14293DCA0C00BE6D8F /* CartItemCollectionViewCell.swift in Sources */ = {isa = PBXBuildFile; fileRef = 055D9C12293DCA0C00BE6D8F /* CartItemCollectionViewCell.swift */; };
		055D9C15293DCA0C00BE6D8F /* CartItemCollectionViewCell.xib in Resources */ = {isa = PBXBuildFile; fileRef = 055D9C13293DCA0C00BE6D8F /* CartItemCollectionViewCell.xib */; };
		055D9C19293DCB4100BE6D8F /* TenorSans-Regular.ttf in Resources */ = {isa = PBXBuildFile; fileRef = 055D9C17293DCB4100BE6D8F /* TenorSans-Regular.ttf */; };
		055D9C1A293DCB4100BE6D8F /* OFL.txt in Resources */ = {isa = PBXBuildFile; fileRef = 055D9C18293DCB4100BE6D8F /* OFL.txt */; };
		055D9C1E293DD5F800BE6D8F /* BrandTableViewCell.swift in Sources */ = {isa = PBXBuildFile; fileRef = 055D9C1C293DD5F800BE6D8F /* BrandTableViewCell.swift */; };
		055D9C1F293DD5F800BE6D8F /* BrandTableViewCell.xib in Resources */ = {isa = PBXBuildFile; fileRef = 055D9C1D293DD5F800BE6D8F /* BrandTableViewCell.xib */; };
		055D9C21293DDB6E00BE6D8F /* Boss.png in Resources */ = {isa = PBXBuildFile; fileRef = 055D9C20293DDB6E00BE6D8F /* Boss.png */; };
		055D9C24293DDB9500BE6D8F /* Burberry@2x.png in Resources */ = {isa = PBXBuildFile; fileRef = 055D9C23293DDB9500BE6D8F /* Burberry@2x.png */; };
		055D9C26293DDBB500BE6D8F /* Prada.png in Resources */ = {isa = PBXBuildFile; fileRef = 055D9C25293DDBB500BE6D8F /* Prada.png */; };
		055D9C28293DDBC800BE6D8F /* Catier.png in Resources */ = {isa = PBXBuildFile; fileRef = 055D9C27293DDBC800BE6D8F /* Catier.png */; };
		055D9C2A293DDBE200BE6D8F /* Gucci.png in Resources */ = {isa = PBXBuildFile; fileRef = 055D9C29293DDBE200BE6D8F /* Gucci.png */; };
		055D9C2C293DDBFA00BE6D8F /* Tiffany&Co.png in Resources */ = {isa = PBXBuildFile; fileRef = 055D9C2B293DDBFA00BE6D8F /* Tiffany&Co.png */; };
		0560C2F629CBFDCA008C732E /* LoginViewController.swift in Sources */ = {isa = PBXBuildFile; fileRef = 0560C2F529CBFDCA008C732E /* LoginViewController.swift */; };
		0561EF7E29529F64006E0BD6 /* ChatGPTViewController.swift in Sources */ = {isa = PBXBuildFile; fileRef = 0561EF7C29529F64006E0BD6 /* ChatGPTViewController.swift */; };
		0561EF7F29529F64006E0BD6 /* ChatGPTViewController.xib in Resources */ = {isa = PBXBuildFile; fileRef = 0561EF7D29529F64006E0BD6 /* ChatGPTViewController.xib */; };
		0563374A29516D58006E7B36 /* OpenAISwift in Frameworks */ = {isa = PBXBuildFile; productRef = 0563374929516D58006E7B36 /* OpenAISwift */; };
		0572087529AF3190002FCC48 /* ContactsUI.framework in Frameworks */ = {isa = PBXBuildFile; fileRef = 0572087429AF318F002FCC48 /* ContactsUI.framework */; };
		05751C0D29BF033600BF9D15 /* MapViewController.swift in Sources */ = {isa = PBXBuildFile; fileRef = 05751C0B29BF033600BF9D15 /* MapViewController.swift */; };
		05751C0E29BF033600BF9D15 /* MapViewController.xib in Resources */ = {isa = PBXBuildFile; fileRef = 05751C0C29BF033600BF9D15 /* MapViewController.xib */; };
		05751C1029BF042400BF9D15 /* CoreLocation.framework in Frameworks */ = {isa = PBXBuildFile; fileRef = 05751C0F29BF042300BF9D15 /* CoreLocation.framework */; };
		058320FB2940298600235023 /* OpenFashionTableViewCell.swift in Sources */ = {isa = PBXBuildFile; fileRef = 058320F92940298600235023 /* OpenFashionTableViewCell.swift */; };
		058320FC2940298600235023 /* OpenFashionTableViewCell.xib in Resources */ = {isa = PBXBuildFile; fileRef = 058320FA2940298600235023 /* OpenFashionTableViewCell.xib */; };
		0583210029406D9D00235023 /* FollowTableViewCell.swift in Sources */ = {isa = PBXBuildFile; fileRef = 058320FE29406D9D00235023 /* FollowTableViewCell.swift */; };
		0583210129406D9D00235023 /* FollowTableViewCell.xib in Resources */ = {isa = PBXBuildFile; fileRef = 058320FF29406D9D00235023 /* FollowTableViewCell.xib */; };
		0583210529406FFE00235023 /* FollowCollectionViewCell.swift in Sources */ = {isa = PBXBuildFile; fileRef = 0583210329406FFE00235023 /* FollowCollectionViewCell.swift */; };
		0583210629406FFE00235023 /* FollowCollectionViewCell.xib in Resources */ = {isa = PBXBuildFile; fileRef = 0583210429406FFE00235023 /* FollowCollectionViewCell.xib */; };
		0583210A294072E700235023 /* FooterTableViewCell.swift in Sources */ = {isa = PBXBuildFile; fileRef = 05832108294072E700235023 /* FooterTableViewCell.swift */; };
		0583210B294072E700235023 /* FooterTableViewCell.xib in Resources */ = {isa = PBXBuildFile; fileRef = 05832109294072E700235023 /* FooterTableViewCell.xib */; };
		0583210D2940961D00235023 /* MegaHttps.swift in Sources */ = {isa = PBXBuildFile; fileRef = 0583210C2940961D00235023 /* MegaHttps.swift */; };
		058321132940986400235023 /* BaseResponse.swift in Sources */ = {isa = PBXBuildFile; fileRef = 058321122940986400235023 /* BaseResponse.swift */; };
		058321152940990300235023 /* Configs.swift in Sources */ = {isa = PBXBuildFile; fileRef = 058321142940990300235023 /* Configs.swift */; };
		058321172940995100235023 /* APIRouter.swift in Sources */ = {isa = PBXBuildFile; fileRef = 058321162940995100235023 /* APIRouter.swift */; };
		059DC8882938617700D337DC /* AppDelegate.swift in Sources */ = {isa = PBXBuildFile; fileRef = 059DC8872938617700D337DC /* AppDelegate.swift */; };
		059DC88A2938617700D337DC /* SceneDelegate.swift in Sources */ = {isa = PBXBuildFile; fileRef = 059DC8892938617700D337DC /* SceneDelegate.swift */; };
		059DC88F2938617700D337DC /* Main.storyboard in Resources */ = {isa = PBXBuildFile; fileRef = 059DC88D2938617700D337DC /* Main.storyboard */; };
		059DC8922938617700D337DC /* MageApp.xcdatamodeld in Sources */ = {isa = PBXBuildFile; fileRef = 059DC8902938617700D337DC /* MageApp.xcdatamodeld */; };
		059DC8942938617800D337DC /* Assets.xcassets in Resources */ = {isa = PBXBuildFile; fileRef = 059DC8932938617800D337DC /* Assets.xcassets */; };
		059DC8972938617800D337DC /* LaunchScreen.storyboard in Resources */ = {isa = PBXBuildFile; fileRef = 059DC8952938617800D337DC /* LaunchScreen.storyboard */; };
		05A03E4A2938902100F19C0B /* RootViewController.swift in Sources */ = {isa = PBXBuildFile; fileRef = 05A03E492938902100F19C0B /* RootViewController.swift */; };
		05A03E4F293892A700F19C0B /* ExampleProvider.swift in Sources */ = {isa = PBXBuildFile; fileRef = 05A03E4E293892A700F19C0B /* ExampleProvider.swift */; };
		05A03E512938931400F19C0B /* ExampleViewController.swift in Sources */ = {isa = PBXBuildFile; fileRef = 05A03E502938931400F19C0B /* ExampleViewController.swift */; };
		05A03E53293893B800F19C0B /* ExampleNavigationController.swift in Sources */ = {isa = PBXBuildFile; fileRef = 05A03E52293893B800F19C0B /* ExampleNavigationController.swift */; };
		05A03E67293893F900F19C0B /* ExampleBackgroundContentView.swift in Sources */ = {isa = PBXBuildFile; fileRef = 05A03E56293893F900F19C0B /* ExampleBackgroundContentView.swift */; };
		05A03E68293893F900F19C0B /* ExampleIrregularityContentView.swift in Sources */ = {isa = PBXBuildFile; fileRef = 05A03E58293893F900F19C0B /* ExampleIrregularityContentView.swift */; };
		05A03E69293893F900F19C0B /* ExampleHighlightableContentView.swift in Sources */ = {isa = PBXBuildFile; fileRef = 05A03E5A293893F900F19C0B /* ExampleHighlightableContentView.swift */; };
		05A03E6A293893F900F19C0B /* ExampleBasicContentView.swift in Sources */ = {isa = PBXBuildFile; fileRef = 05A03E5C293893F900F19C0B /* ExampleBasicContentView.swift */; };
		05A03E6B293893F900F19C0B /* ExampleBouncesContentView.swift in Sources */ = {isa = PBXBuildFile; fileRef = 05A03E5E293893F900F19C0B /* ExampleBouncesContentView.swift */; };
		05A03E6C293893F900F19C0B /* ExampleAnimateTipsContentView.swift in Sources */ = {isa = PBXBuildFile; fileRef = 05A03E60293893F900F19C0B /* ExampleAnimateTipsContentView.swift */; };
		05A03E6D293893F900F19C0B /* ExampleTipsContentView.swift in Sources */ = {isa = PBXBuildFile; fileRef = 05A03E61293893F900F19C0B /* ExampleTipsContentView.swift */; };
		05A03E6E293893F900F19C0B /* IconTransitions.json in Resources */ = {isa = PBXBuildFile; fileRef = 05A03E63293893F900F19C0B /* IconTransitions.json */; };
		05A03E6F293893F900F19C0B /* LottieLogo1.json in Resources */ = {isa = PBXBuildFile; fileRef = 05A03E64293893F900F19C0B /* LottieLogo1.json */; };
		05A03E70293893F900F19C0B /* ExampleLottieAnimateContentView.swift in Sources */ = {isa = PBXBuildFile; fileRef = 05A03E65293893F900F19C0B /* ExampleLottieAnimateContentView.swift */; };
		05A03E71293893F900F19C0B /* Lottie.framework in Frameworks */ = {isa = PBXBuildFile; fileRef = 05A03E66293893F900F19C0B /* Lottie.framework */; };
		05A03E752938AF6D00F19C0B /* CustomTabbarViewController.swift in Sources */ = {isa = PBXBuildFile; fileRef = 05A03E742938AF6D00F19C0B /* CustomTabbarViewController.swift */; };
		05A26BF0293F1E95008C8FD2 /* ProductTableViewCell.swift in Sources */ = {isa = PBXBuildFile; fileRef = 05A26BEE293F1E95008C8FD2 /* ProductTableViewCell.swift */; };
		05A26BF1293F1E95008C8FD2 /* ProductTableViewCell.xib in Resources */ = {isa = PBXBuildFile; fileRef = 05A26BEF293F1E95008C8FD2 /* ProductTableViewCell.xib */; };
		05A26BF5293F2A29008C8FD2 /* TrendingTableViewCell.swift in Sources */ = {isa = PBXBuildFile; fileRef = 05A26BF3293F2A29008C8FD2 /* TrendingTableViewCell.swift */; };
		05A26BF6293F2A29008C8FD2 /* TrendingTableViewCell.xib in Resources */ = {isa = PBXBuildFile; fileRef = 05A26BF4293F2A29008C8FD2 /* TrendingTableViewCell.xib */; };
		05A26BFA293F3BA6008C8FD2 /* TitleCollectionViewCell.swift in Sources */ = {isa = PBXBuildFile; fileRef = 05A26BF8293F3BA6008C8FD2 /* TitleCollectionViewCell.swift */; };
		05A26BFB293F3BA6008C8FD2 /* TitleCollectionViewCell.xib in Resources */ = {isa = PBXBuildFile; fileRef = 05A26BF9293F3BA6008C8FD2 /* TitleCollectionViewCell.xib */; };
		05B4C7C0299F30DB00D1DF4D /* HeaderView.swift in Sources */ = {isa = PBXBuildFile; fileRef = 05B4C7BF299F30DB00D1DF4D /* HeaderView.swift */; };
		05B8CCBF29ADAE4F007C3816 /* ARPintViewController.swift in Sources */ = {isa = PBXBuildFile; fileRef = 05B8CCBE29ADAE4F007C3816 /* ARPintViewController.swift */; };
		05B8CCC229ADB3B4007C3816 /* VirtualObjectManager.swift in Sources */ = {isa = PBXBuildFile; fileRef = 05B8CCC129ADB3B4007C3816 /* VirtualObjectManager.swift */; };
		05B8CCC429ADB470007C3816 /* PointNode.swift in Sources */ = {isa = PBXBuildFile; fileRef = 05B8CCC329ADB470007C3816 /* PointNode.swift */; };
		63CF8DAC70D81D371E21D39B /* Pods_MageApp.framework in Frameworks */ = {isa = PBXBuildFile; fileRef = B9225823DA8FF1E39E15F2DA /* Pods_MageApp.framework */; };
/* End PBXBuildFile section */

/* Begin PBXCopyFilesBuildPhase section */
		05C577F129BB3CCE001C54DE /* Embed Foundation Extensions */ = {
			isa = PBXCopyFilesBuildPhase;
			buildActionMask = 2147483647;
			dstPath = "";
			dstSubfolderSpec = 13;
			files = (
			);
			name = "Embed Foundation Extensions";
			runOnlyForDeploymentPostprocessing = 0;
		};
/* End PBXCopyFilesBuildPhase section */

/* Begin PBXFileReference section */
		053F2439293EEEE700B90350 /* VideoTableViewCell.swift */ = {isa = PBXFileReference; lastKnownFileType = sourcecode.swift; path = VideoTableViewCell.swift; sourceTree = "<group>"; };
		053F243A293EEEE700B90350 /* VideoTableViewCell.xib */ = {isa = PBXFileReference; lastKnownFileType = file.xib; path = VideoTableViewCell.xib; sourceTree = "<group>"; };
		0543ED34293EDA4B006A3B97 /* CollectionsCell.swift */ = {isa = PBXFileReference; lastKnownFileType = sourcecode.swift; path = CollectionsCell.swift; sourceTree = "<group>"; };
		0543ED35293EDA4B006A3B97 /* CollectionsCell.xib */ = {isa = PBXFileReference; lastKnownFileType = file.xib; path = CollectionsCell.xib; sourceTree = "<group>"; };
		054851F629ADDD1C00E1383F /* TextManager.swift */ = {isa = PBXFileReference; lastKnownFileType = sourcecode.swift; path = TextManager.swift; sourceTree = "<group>"; };
		054851F929ADDEB700E1383F /* FocusSquare.swift */ = {isa = PBXFileReference; lastKnownFileType = sourcecode.swift; path = FocusSquare.swift; sourceTree = "<group>"; };
		054851FB29ADE04D00E1383F /* FocusSquareSegment.swift */ = {isa = PBXFileReference; lastKnownFileType = sourcecode.swift; path = FocusSquareSegment.swift; sourceTree = "<group>"; };
		054851FE29ADEDD700E1383F /* Plane.swift */ = {isa = PBXFileReference; lastKnownFileType = sourcecode.swift; path = Plane.swift; sourceTree = "<group>"; };
		0548520229ADEFC000E1383F /* wood-diffuse.jpg */ = {isa = PBXFileReference; lastKnownFileType = image.jpeg; path = "wood-diffuse.jpg"; sourceTree = "<group>"; };
		0548520329ADEFC000E1383F /* wood-normal.png */ = {isa = PBXFileReference; lastKnownFileType = image.png; path = "wood-normal.png"; sourceTree = "<group>"; };
		0548520429ADEFC000E1383F /* wood-specular.jpg */ = {isa = PBXFileReference; lastKnownFileType = image.jpeg; path = "wood-specular.jpg"; sourceTree = "<group>"; };
		0548520829ADEFE300E1383F /* Models.scnassets */ = {isa = PBXFileReference; lastKnownFileType = wrapper.scnassets; path = Models.scnassets; sourceTree = "<group>"; };
		054E39E22941853200F2E33E /* HomeModel.swift */ = {isa = PBXFileReference; lastKnownFileType = sourcecode.swift; path = HomeModel.swift; sourceTree = "<group>"; };
		055D165D29399FA100824475 /* Extention.swift */ = {isa = PBXFileReference; lastKnownFileType = sourcecode.swift; path = Extention.swift; sourceTree = "<group>"; };
		055D16602939D4C200824475 /* FashionHomeViewController.swift */ = {isa = PBXFileReference; lastKnownFileType = sourcecode.swift; path = FashionHomeViewController.swift; sourceTree = "<group>"; };
		055D16632939D5B300824475 /* Logo.png */ = {isa = PBXFileReference; lastKnownFileType = image.png; path = Logo.png; sourceTree = "<group>"; };
		055D16672939F01200824475 /* TableViewCell.swift */ = {isa = PBXFileReference; lastKnownFileType = sourcecode.swift; path = TableViewCell.swift; sourceTree = "<group>"; };
		055D16682939F01200824475 /* TableViewCell.xib */ = {isa = PBXFileReference; lastKnownFileType = file.xib; path = TableViewCell.xib; sourceTree = "<group>"; };
		055D166C2939F04700824475 /* CollectionViewCell.swift */ = {isa = PBXFileReference; lastKnownFileType = sourcecode.swift; path = CollectionViewCell.swift; sourceTree = "<group>"; };
		055D166D2939F04700824475 /* CollectionViewCell.xib */ = {isa = PBXFileReference; lastKnownFileType = file.xib; path = CollectionViewCell.xib; sourceTree = "<group>"; };
		055D9C00293D857100BE6D8F /* Banner.png */ = {isa = PBXFileReference; lastKnownFileType = image.png; path = Banner.png; sourceTree = "<group>"; };
		055D9C03293D86DC00BE6D8F /* MenuProductCell.swift */ = {isa = PBXFileReference; lastKnownFileType = sourcecode.swift; path = MenuProductCell.swift; sourceTree = "<group>"; };
		055D9C04293D86DC00BE6D8F /* MenuProductCell.xib */ = {isa = PBXFileReference; lastKnownFileType = file.xib; path = MenuProductCell.xib; sourceTree = "<group>"; };
		055D9C08293D931A00BE6D8F /* MenuArrivalItemCell.swift */ = {isa = PBXFileReference; lastKnownFileType = sourcecode.swift; path = MenuArrivalItemCell.swift; sourceTree = "<group>"; };
		055D9C09293D931A00BE6D8F /* MenuArrivalItemCell.xib */ = {isa = PBXFileReference; lastKnownFileType = file.xib; path = MenuArrivalItemCell.xib; sourceTree = "<group>"; };
		055D9C0E293DA85C00BE6D8F /* CollectionViewCenteredFlowLayout.swift */ = {isa = PBXFileReference; lastKnownFileType = sourcecode.swift; path = CollectionViewCenteredFlowLayout.swift; sourceTree = "<group>"; };
		055D9C12293DCA0C00BE6D8F /* CartItemCollectionViewCell.swift */ = {isa = PBXFileReference; lastKnownFileType = sourcecode.swift; path = CartItemCollectionViewCell.swift; sourceTree = "<group>"; };
		055D9C13293DCA0C00BE6D8F /* CartItemCollectionViewCell.xib */ = {isa = PBXFileReference; lastKnownFileType = file.xib; path = CartItemCollectionViewCell.xib; sourceTree = "<group>"; };
		055D9C17293DCB4100BE6D8F /* TenorSans-Regular.ttf */ = {isa = PBXFileReference; lastKnownFileType = file; path = "TenorSans-Regular.ttf"; sourceTree = "<group>"; };
		055D9C18293DCB4100BE6D8F /* OFL.txt */ = {isa = PBXFileReference; fileEncoding = 4; lastKnownFileType = text; path = OFL.txt; sourceTree = "<group>"; };
		055D9C1C293DD5F800BE6D8F /* BrandTableViewCell.swift */ = {isa = PBXFileReference; lastKnownFileType = sourcecode.swift; path = BrandTableViewCell.swift; sourceTree = "<group>"; };
		055D9C1D293DD5F800BE6D8F /* BrandTableViewCell.xib */ = {isa = PBXFileReference; lastKnownFileType = file.xib; path = BrandTableViewCell.xib; sourceTree = "<group>"; };
		055D9C20293DDB6E00BE6D8F /* Boss.png */ = {isa = PBXFileReference; lastKnownFileType = image.png; path = Boss.png; sourceTree = "<group>"; };
		055D9C23293DDB9500BE6D8F /* Burberry@2x.png */ = {isa = PBXFileReference; lastKnownFileType = image.png; path = "Burberry@2x.png"; sourceTree = "<group>"; };
		055D9C25293DDBB500BE6D8F /* Prada.png */ = {isa = PBXFileReference; lastKnownFileType = image.png; path = Prada.png; sourceTree = "<group>"; };
		055D9C27293DDBC800BE6D8F /* Catier.png */ = {isa = PBXFileReference; lastKnownFileType = image.png; path = Catier.png; sourceTree = "<group>"; };
		055D9C29293DDBE200BE6D8F /* Gucci.png */ = {isa = PBXFileReference; lastKnownFileType = image.png; path = Gucci.png; sourceTree = "<group>"; };
		055D9C2B293DDBFA00BE6D8F /* Tiffany&Co.png */ = {isa = PBXFileReference; lastKnownFileType = image.png; path = "Tiffany&Co.png"; sourceTree = "<group>"; };
		0560C2F529CBFDCA008C732E /* LoginViewController.swift */ = {isa = PBXFileReference; lastKnownFileType = sourcecode.swift; path = LoginViewController.swift; sourceTree = "<group>"; };
		0561EF7C29529F64006E0BD6 /* ChatGPTViewController.swift */ = {isa = PBXFileReference; lastKnownFileType = sourcecode.swift; path = ChatGPTViewController.swift; sourceTree = "<group>"; };
		0561EF7D29529F64006E0BD6 /* ChatGPTViewController.xib */ = {isa = PBXFileReference; lastKnownFileType = file.xib; path = ChatGPTViewController.xib; sourceTree = "<group>"; };
		0572087429AF318F002FCC48 /* ContactsUI.framework */ = {isa = PBXFileReference; lastKnownFileType = wrapper.framework; name = ContactsUI.framework; path = System/Library/Frameworks/ContactsUI.framework; sourceTree = SDKROOT; };
		05751C0B29BF033600BF9D15 /* MapViewController.swift */ = {isa = PBXFileReference; lastKnownFileType = sourcecode.swift; path = MapViewController.swift; sourceTree = "<group>"; };
		05751C0C29BF033600BF9D15 /* MapViewController.xib */ = {isa = PBXFileReference; lastKnownFileType = file.xib; path = MapViewController.xib; sourceTree = "<group>"; };
		05751C0F29BF042300BF9D15 /* CoreLocation.framework */ = {isa = PBXFileReference; lastKnownFileType = wrapper.framework; name = CoreLocation.framework; path = System/Library/Frameworks/CoreLocation.framework; sourceTree = SDKROOT; };
		058320F92940298600235023 /* OpenFashionTableViewCell.swift */ = {isa = PBXFileReference; lastKnownFileType = sourcecode.swift; path = OpenFashionTableViewCell.swift; sourceTree = "<group>"; };
		058320FA2940298600235023 /* OpenFashionTableViewCell.xib */ = {isa = PBXFileReference; lastKnownFileType = file.xib; path = OpenFashionTableViewCell.xib; sourceTree = "<group>"; };
		058320FE29406D9D00235023 /* FollowTableViewCell.swift */ = {isa = PBXFileReference; lastKnownFileType = sourcecode.swift; path = FollowTableViewCell.swift; sourceTree = "<group>"; };
		058320FF29406D9D00235023 /* FollowTableViewCell.xib */ = {isa = PBXFileReference; lastKnownFileType = file.xib; path = FollowTableViewCell.xib; sourceTree = "<group>"; };
		0583210329406FFE00235023 /* FollowCollectionViewCell.swift */ = {isa = PBXFileReference; lastKnownFileType = sourcecode.swift; path = FollowCollectionViewCell.swift; sourceTree = "<group>"; };
		0583210429406FFE00235023 /* FollowCollectionViewCell.xib */ = {isa = PBXFileReference; lastKnownFileType = file.xib; path = FollowCollectionViewCell.xib; sourceTree = "<group>"; };
		05832108294072E700235023 /* FooterTableViewCell.swift */ = {isa = PBXFileReference; lastKnownFileType = sourcecode.swift; path = FooterTableViewCell.swift; sourceTree = "<group>"; };
		05832109294072E700235023 /* FooterTableViewCell.xib */ = {isa = PBXFileReference; lastKnownFileType = file.xib; path = FooterTableViewCell.xib; sourceTree = "<group>"; };
		0583210C2940961D00235023 /* MegaHttps.swift */ = {isa = PBXFileReference; lastKnownFileType = sourcecode.swift; path = MegaHttps.swift; sourceTree = "<group>"; };
		058321122940986400235023 /* BaseResponse.swift */ = {isa = PBXFileReference; lastKnownFileType = sourcecode.swift; path = BaseResponse.swift; sourceTree = "<group>"; };
		058321142940990300235023 /* Configs.swift */ = {isa = PBXFileReference; lastKnownFileType = sourcecode.swift; path = Configs.swift; sourceTree = "<group>"; };
		058321162940995100235023 /* APIRouter.swift */ = {isa = PBXFileReference; lastKnownFileType = sourcecode.swift; path = APIRouter.swift; sourceTree = "<group>"; };
		059DC8842938617700D337DC /* MageApp.app */ = {isa = PBXFileReference; explicitFileType = wrapper.application; includeInIndex = 0; path = MageApp.app; sourceTree = BUILT_PRODUCTS_DIR; };
		059DC8872938617700D337DC /* AppDelegate.swift */ = {isa = PBXFileReference; lastKnownFileType = sourcecode.swift; path = AppDelegate.swift; sourceTree = "<group>"; };
		059DC8892938617700D337DC /* SceneDelegate.swift */ = {isa = PBXFileReference; lastKnownFileType = sourcecode.swift; path = SceneDelegate.swift; sourceTree = "<group>"; };
		059DC88E2938617700D337DC /* Base */ = {isa = PBXFileReference; lastKnownFileType = file.storyboard; name = Base; path = Base.lproj/Main.storyboard; sourceTree = "<group>"; };
		059DC8912938617700D337DC /* MageApp.xcdatamodel */ = {isa = PBXFileReference; lastKnownFileType = wrapper.xcdatamodel; path = MageApp.xcdatamodel; sourceTree = "<group>"; };
		059DC8932938617800D337DC /* Assets.xcassets */ = {isa = PBXFileReference; lastKnownFileType = folder.assetcatalog; path = Assets.xcassets; sourceTree = "<group>"; };
		059DC8962938617800D337DC /* Base */ = {isa = PBXFileReference; lastKnownFileType = file.storyboard; name = Base; path = Base.lproj/LaunchScreen.storyboard; sourceTree = "<group>"; };
		059DC8982938617800D337DC /* Info.plist */ = {isa = PBXFileReference; lastKnownFileType = text.plist.xml; path = Info.plist; sourceTree = "<group>"; };
		05A03E492938902100F19C0B /* RootViewController.swift */ = {isa = PBXFileReference; lastKnownFileType = sourcecode.swift; path = RootViewController.swift; sourceTree = "<group>"; };
		05A03E4E293892A700F19C0B /* ExampleProvider.swift */ = {isa = PBXFileReference; fileEncoding = 4; lastKnownFileType = sourcecode.swift; path = ExampleProvider.swift; sourceTree = "<group>"; };
		05A03E502938931400F19C0B /* ExampleViewController.swift */ = {isa = PBXFileReference; fileEncoding = 4; lastKnownFileType = sourcecode.swift; path = ExampleViewController.swift; sourceTree = "<group>"; };
		05A03E52293893B800F19C0B /* ExampleNavigationController.swift */ = {isa = PBXFileReference; fileEncoding = 4; lastKnownFileType = sourcecode.swift; path = ExampleNavigationController.swift; sourceTree = "<group>"; };
		05A03E56293893F900F19C0B /* ExampleBackgroundContentView.swift */ = {isa = PBXFileReference; fileEncoding = 4; lastKnownFileType = sourcecode.swift; path = ExampleBackgroundContentView.swift; sourceTree = "<group>"; };
		05A03E58293893F900F19C0B /* ExampleIrregularityContentView.swift */ = {isa = PBXFileReference; fileEncoding = 4; lastKnownFileType = sourcecode.swift; path = ExampleIrregularityContentView.swift; sourceTree = "<group>"; };
		05A03E5A293893F900F19C0B /* ExampleHighlightableContentView.swift */ = {isa = PBXFileReference; fileEncoding = 4; lastKnownFileType = sourcecode.swift; path = ExampleHighlightableContentView.swift; sourceTree = "<group>"; };
		05A03E5C293893F900F19C0B /* ExampleBasicContentView.swift */ = {isa = PBXFileReference; fileEncoding = 4; lastKnownFileType = sourcecode.swift; path = ExampleBasicContentView.swift; sourceTree = "<group>"; };
		05A03E5E293893F900F19C0B /* ExampleBouncesContentView.swift */ = {isa = PBXFileReference; fileEncoding = 4; lastKnownFileType = sourcecode.swift; path = ExampleBouncesContentView.swift; sourceTree = "<group>"; };
		05A03E60293893F900F19C0B /* ExampleAnimateTipsContentView.swift */ = {isa = PBXFileReference; fileEncoding = 4; lastKnownFileType = sourcecode.swift; path = ExampleAnimateTipsContentView.swift; sourceTree = "<group>"; };
		05A03E61293893F900F19C0B /* ExampleTipsContentView.swift */ = {isa = PBXFileReference; fileEncoding = 4; lastKnownFileType = sourcecode.swift; path = ExampleTipsContentView.swift; sourceTree = "<group>"; };
		05A03E63293893F900F19C0B /* IconTransitions.json */ = {isa = PBXFileReference; fileEncoding = 4; lastKnownFileType = text.json; path = IconTransitions.json; sourceTree = "<group>"; };
		05A03E64293893F900F19C0B /* LottieLogo1.json */ = {isa = PBXFileReference; fileEncoding = 4; lastKnownFileType = text.json; path = LottieLogo1.json; sourceTree = "<group>"; };
		05A03E65293893F900F19C0B /* ExampleLottieAnimateContentView.swift */ = {isa = PBXFileReference; fileEncoding = 4; lastKnownFileType = sourcecode.swift; path = ExampleLottieAnimateContentView.swift; sourceTree = "<group>"; };
		05A03E66293893F900F19C0B /* Lottie.framework */ = {isa = PBXFileReference; lastKnownFileType = wrapper.framework; path = Lottie.framework; sourceTree = "<group>"; };
		05A03E742938AF6D00F19C0B /* CustomTabbarViewController.swift */ = {isa = PBXFileReference; lastKnownFileType = sourcecode.swift; name = CustomTabbarViewController.swift; path = Content/CustomTabbarViewController.swift; sourceTree = "<group>"; };
		05A26BEE293F1E95008C8FD2 /* ProductTableViewCell.swift */ = {isa = PBXFileReference; lastKnownFileType = sourcecode.swift; path = ProductTableViewCell.swift; sourceTree = "<group>"; };
		05A26BEF293F1E95008C8FD2 /* ProductTableViewCell.xib */ = {isa = PBXFileReference; lastKnownFileType = file.xib; path = ProductTableViewCell.xib; sourceTree = "<group>"; };
		05A26BF3293F2A29008C8FD2 /* TrendingTableViewCell.swift */ = {isa = PBXFileReference; lastKnownFileType = sourcecode.swift; path = TrendingTableViewCell.swift; sourceTree = "<group>"; };
		05A26BF4293F2A29008C8FD2 /* TrendingTableViewCell.xib */ = {isa = PBXFileReference; lastKnownFileType = file.xib; path = TrendingTableViewCell.xib; sourceTree = "<group>"; };
		05A26BF8293F3BA6008C8FD2 /* TitleCollectionViewCell.swift */ = {isa = PBXFileReference; lastKnownFileType = sourcecode.swift; path = TitleCollectionViewCell.swift; sourceTree = "<group>"; };
		05A26BF9293F3BA6008C8FD2 /* TitleCollectionViewCell.xib */ = {isa = PBXFileReference; lastKnownFileType = file.xib; path = TitleCollectionViewCell.xib; sourceTree = "<group>"; };
		05B4C7BF299F30DB00D1DF4D /* HeaderView.swift */ = {isa = PBXFileReference; lastKnownFileType = sourcecode.swift; path = HeaderView.swift; sourceTree = "<group>"; };
		05B8CCBE29ADAE4F007C3816 /* ARPintViewController.swift */ = {isa = PBXFileReference; lastKnownFileType = sourcecode.swift; path = ARPintViewController.swift; sourceTree = "<group>"; };
		05B8CCC129ADB3B4007C3816 /* VirtualObjectManager.swift */ = {isa = PBXFileReference; lastKnownFileType = sourcecode.swift; path = VirtualObjectManager.swift; sourceTree = "<group>"; };
		05B8CCC329ADB470007C3816 /* PointNode.swift */ = {isa = PBXFileReference; lastKnownFileType = sourcecode.swift; path = PointNode.swift; sourceTree = "<group>"; };
		05C577E429BB3CCE001C54DE /* UserNotifications.framework */ = {isa = PBXFileReference; lastKnownFileType = wrapper.framework; name = UserNotifications.framework; path = System/Library/Frameworks/UserNotifications.framework; sourceTree = SDKROOT; };
		05C577E629BB3CCE001C54DE /* UserNotificationsUI.framework */ = {isa = PBXFileReference; lastKnownFileType = wrapper.framework; name = UserNotificationsUI.framework; path = System/Library/Frameworks/UserNotificationsUI.framework; sourceTree = SDKROOT; };
		05C577E929BB3CCE001C54DE /* NotificationViewController.swift */ = {isa = PBXFileReference; lastKnownFileType = sourcecode.swift; path = NotificationViewController.swift; sourceTree = "<group>"; };
		05C577EC29BB3CCE001C54DE /* Base */ = {isa = PBXFileReference; lastKnownFileType = file.storyboard; name = Base; path = Base.lproj/MainInterface.storyboard; sourceTree = "<group>"; };
		05C577EE29BB3CCE001C54DE /* Info.plist */ = {isa = PBXFileReference; lastKnownFileType = text.plist.xml; path = Info.plist; sourceTree = "<group>"; };
		1A9F398263D13AA6A1EDA448 /* Pods-MageApp.debug.xcconfig */ = {isa = PBXFileReference; includeInIndex = 1; lastKnownFileType = text.xcconfig; name = "Pods-MageApp.debug.xcconfig"; path = "Target Support Files/Pods-MageApp/Pods-MageApp.debug.xcconfig"; sourceTree = "<group>"; };
		B5DD83597858C247ACBB95B7 /* Pods-MageApp.release.xcconfig */ = {isa = PBXFileReference; includeInIndex = 1; lastKnownFileType = text.xcconfig; name = "Pods-MageApp.release.xcconfig"; path = "Target Support Files/Pods-MageApp/Pods-MageApp.release.xcconfig"; sourceTree = "<group>"; };
		B9225823DA8FF1E39E15F2DA /* Pods_MageApp.framework */ = {isa = PBXFileReference; explicitFileType = wrapper.framework; includeInIndex = 0; path = Pods_MageApp.framework; sourceTree = BUILT_PRODUCTS_DIR; };
/* End PBXFileReference section */

/* Begin PBXFrameworksBuildPhase section */
		059DC8812938617700D337DC /* Frameworks */ = {
			isa = PBXFrameworksBuildPhase;
			buildActionMask = 2147483647;
			files = (
				63CF8DAC70D81D371E21D39B /* Pods_MageApp.framework in Frameworks */,
				05751C1029BF042400BF9D15 /* CoreLocation.framework in Frameworks */,
				0572087529AF3190002FCC48 /* ContactsUI.framework in Frameworks */,
				0563374A29516D58006E7B36 /* OpenAISwift in Frameworks */,
				05A03E71293893F900F19C0B /* Lottie.framework in Frameworks */,
			);
			runOnlyForDeploymentPostprocessing = 0;
		};
/* End PBXFrameworksBuildPhase section */

/* Begin PBXGroup section */
		053F2438293EEED200B90350 /* VideoCell */ = {
			isa = PBXGroup;
			children = (
				053F2439293EEEE700B90350 /* VideoTableViewCell.swift */,
				053F243A293EEEE700B90350 /* VideoTableViewCell.xib */,
			);
			path = VideoCell;
			sourceTree = "<group>";
		};
		0543ED33293EDA2A006A3B97 /* Collections */ = {
			isa = PBXGroup;
			children = (
				0543ED34293EDA4B006A3B97 /* CollectionsCell.swift */,
				0543ED35293EDA4B006A3B97 /* CollectionsCell.xib */,
			);
			path = Collections;
			sourceTree = "<group>";
		};
		054851F529ADDD1000E1383F /* TextManager */ = {
			isa = PBXGroup;
			children = (
				054851F629ADDD1C00E1383F /* TextManager.swift */,
			);
			path = TextManager;
			sourceTree = "<group>";
		};
		054851F829ADDEA100E1383F /* FocusSquare */ = {
			isa = PBXGroup;
			children = (
				054851F929ADDEB700E1383F /* FocusSquare.swift */,
				054851FB29ADE04D00E1383F /* FocusSquareSegment.swift */,
			);
			path = FocusSquare;
			sourceTree = "<group>";
		};
		054851FD29ADEDD000E1383F /* Plane */ = {
			isa = PBXGroup;
			children = (
				054851FE29ADEDD700E1383F /* Plane.swift */,
			);
			path = Plane;
			sourceTree = "<group>";
		};
		0548520029ADEF7900E1383F /* Resource */ = {
			isa = PBXGroup;
			children = (
				0548520829ADEFE300E1383F /* Models.scnassets */,
				0548520129ADEFC000E1383F /* wood-matrial */,
			);
			path = Resource;
			sourceTree = "<group>";
		};
		0548520129ADEFC000E1383F /* wood-matrial */ = {
			isa = PBXGroup;
			children = (
				0548520229ADEFC000E1383F /* wood-diffuse.jpg */,
				0548520329ADEFC000E1383F /* wood-normal.png */,
				0548520429ADEFC000E1383F /* wood-specular.jpg */,
			);
			path = "wood-matrial";
			sourceTree = "<group>";
		};
		054E39DF294184FB00F2E33E /* Model */ = {
			isa = PBXGroup;
			children = (
				054E39E22941853200F2E33E /* HomeModel.swift */,
			);
			path = Model;
			sourceTree = "<group>";
		};
		055D165C29399F2100824475 /* Utilities */ = {
			isa = PBXGroup;
			children = (
				054851F529ADDD1000E1383F /* TextManager */,
				05B4C7BE299F30C100D1DF4D /* HeaderView */,
				055D9C16293DCB4100BE6D8F /* Tenor_Sans */,
				055D9C10293DC71800BE6D8F /* MGHttp */,
				055D165D29399FA100824475 /* Extention.swift */,
			);
			path = Utilities;
			sourceTree = "<group>";
		};
		055D165F2939B5B800824475 /* OpenFashion */ = {
			isa = PBXGroup;
			children = (
				054E39DF294184FB00F2E33E /* Model */,
				055D16652939D86A00824475 /* Cell */,
				055D16622939D5A800824475 /* Source */,
				055D16602939D4C200824475 /* FashionHomeViewController.swift */,
			);
			path = OpenFashion;
			sourceTree = "<group>";
		};
		055D16622939D5A800824475 /* Source */ = {
			isa = PBXGroup;
			children = (
				055D9C22293DDB7300BE6D8F /* ImageBrand */,
				055D9C00293D857100BE6D8F /* Banner.png */,
				055D16632939D5B300824475 /* Logo.png */,
			);
			path = Source;
			sourceTree = "<group>";
		};
		055D16652939D86A00824475 /* Cell */ = {
			isa = PBXGroup;
			children = (
				05832107294072D100235023 /* FooterTableViewCell */,
				0583210229406FD900235023 /* FolowCollectionViewCell */,
				058320FD29406D7500235023 /* FollowTableViewCell */,
				058320F82940295F00235023 /* OpenFashionCell */,
				05A26BF7293F3B82008C8FD2 /* TitleCollectionViewCell */,
				05A26BF2293F2A08008C8FD2 /* TrendingCell */,
				05A26BED293F1E7A008C8FD2 /* ProductCell */,
				053F2438293EEED200B90350 /* VideoCell */,
				0543ED33293EDA2A006A3B97 /* Collections */,
				055D9C1B293DD5E000BE6D8F /* BrandTableViewCell */,
				055D9C11293DC9E900BE6D8F /* CartItemCollectionViewCell */,
				055D9C07293D92F500BE6D8F /* MenuArrivalitemCell */,
				055D9C02293D86B500BE6D8F /* MenuProductCell */,
				055D166B2939F02C00824475 /* ImageCell */,
				055D16662939EFDC00824475 /* BannerCell */,
			);
			path = Cell;
			sourceTree = "<group>";
		};
		055D16662939EFDC00824475 /* BannerCell */ = {
			isa = PBXGroup;
			children = (
				055D16672939F01200824475 /* TableViewCell.swift */,
				055D16682939F01200824475 /* TableViewCell.xib */,
			);
			path = BannerCell;
			sourceTree = "<group>";
		};
		055D166B2939F02C00824475 /* ImageCell */ = {
			isa = PBXGroup;
			children = (
				055D166C2939F04700824475 /* CollectionViewCell.swift */,
				055D166D2939F04700824475 /* CollectionViewCell.xib */,
			);
			path = ImageCell;
			sourceTree = "<group>";
		};
		055D9C02293D86B500BE6D8F /* MenuProductCell */ = {
			isa = PBXGroup;
			children = (
				055D9C03293D86DC00BE6D8F /* MenuProductCell.swift */,
				055D9C04293D86DC00BE6D8F /* MenuProductCell.xib */,
			);
			path = MenuProductCell;
			sourceTree = "<group>";
		};
		055D9C07293D92F500BE6D8F /* MenuArrivalitemCell */ = {
			isa = PBXGroup;
			children = (
				055D9C08293D931A00BE6D8F /* MenuArrivalItemCell.swift */,
				055D9C09293D931A00BE6D8F /* MenuArrivalItemCell.xib */,
			);
			path = MenuArrivalitemCell;
			sourceTree = "<group>";
		};
		055D9C0C293DA82B00BE6D8F /* Helper */ = {
			isa = PBXGroup;
			children = (
				055D9C0D293DA83900BE6D8F /* CollectionViewCenteredFlowLayout */,
			);
			path = Helper;
			sourceTree = "<group>";
		};
		055D9C0D293DA83900BE6D8F /* CollectionViewCenteredFlowLayout */ = {
			isa = PBXGroup;
			children = (
				055D9C0E293DA85C00BE6D8F /* CollectionViewCenteredFlowLayout.swift */,
			);
			path = CollectionViewCenteredFlowLayout;
			sourceTree = "<group>";
		};
		055D9C10293DC71800BE6D8F /* MGHttp */ = {
			isa = PBXGroup;
			children = (
				058321112940984F00235023 /* BaseResponse */,
				0583210C2940961D00235023 /* MegaHttps.swift */,
				058321142940990300235023 /* Configs.swift */,
				058321162940995100235023 /* APIRouter.swift */,
			);
			path = MGHttp;
			sourceTree = "<group>";
		};
		055D9C11293DC9E900BE6D8F /* CartItemCollectionViewCell */ = {
			isa = PBXGroup;
			children = (
				055D9C12293DCA0C00BE6D8F /* CartItemCollectionViewCell.swift */,
				055D9C13293DCA0C00BE6D8F /* CartItemCollectionViewCell.xib */,
			);
			path = CartItemCollectionViewCell;
			sourceTree = "<group>";
		};
		055D9C16293DCB4100BE6D8F /* Tenor_Sans */ = {
			isa = PBXGroup;
			children = (
				055D9C17293DCB4100BE6D8F /* TenorSans-Regular.ttf */,
				055D9C18293DCB4100BE6D8F /* OFL.txt */,
			);
			path = Tenor_Sans;
			sourceTree = "<group>";
		};
		055D9C1B293DD5E000BE6D8F /* BrandTableViewCell */ = {
			isa = PBXGroup;
			children = (
				055D9C1C293DD5F800BE6D8F /* BrandTableViewCell.swift */,
				055D9C1D293DD5F800BE6D8F /* BrandTableViewCell.xib */,
			);
			path = BrandTableViewCell;
			sourceTree = "<group>";
		};
		055D9C22293DDB7300BE6D8F /* ImageBrand */ = {
			isa = PBXGroup;
			children = (
				055D9C2B293DDBFA00BE6D8F /* Tiffany&Co.png */,
				055D9C29293DDBE200BE6D8F /* Gucci.png */,
				055D9C27293DDBC800BE6D8F /* Catier.png */,
				055D9C25293DDBB500BE6D8F /* Prada.png */,
				055D9C23293DDB9500BE6D8F /* Burberry@2x.png */,
				055D9C20293DDB6E00BE6D8F /* Boss.png */,
			);
			path = ImageBrand;
			sourceTree = "<group>";
		};
		0560C2F429CBFDB2008C732E /* LoginViewController */ = {
			isa = PBXGroup;
			children = (
				0560C2F529CBFDCA008C732E /* LoginViewController.swift */,
			);
			path = LoginViewController;
			sourceTree = "<group>";
		};
		0561EF7A29529F33006E0BD6 /* CHATGPT */ = {
			isa = PBXGroup;
			children = (
				0561EF7B29529F4C006E0BD6 /* ViewController */,
			);
			path = CHATGPT;
			sourceTree = "<group>";
		};
		0561EF7B29529F4C006E0BD6 /* ViewController */ = {
			isa = PBXGroup;
			children = (
				0561EF7C29529F64006E0BD6 /* ChatGPTViewController.swift */,
				0561EF7D29529F64006E0BD6 /* ChatGPTViewController.xib */,
			);
			path = ViewController;
			sourceTree = "<group>";
		};
		05751C0A29BF031C00BF9D15 /* MapViewController */ = {
			isa = PBXGroup;
			children = (
				05751C0B29BF033600BF9D15 /* MapViewController.swift */,
				05751C0C29BF033600BF9D15 /* MapViewController.xib */,
			);
			path = MapViewController;
			sourceTree = "<group>";
		};
		058320F82940295F00235023 /* OpenFashionCell */ = {
			isa = PBXGroup;
			children = (
				058320F92940298600235023 /* OpenFashionTableViewCell.swift */,
				058320FA2940298600235023 /* OpenFashionTableViewCell.xib */,
			);
			path = OpenFashionCell;
			sourceTree = "<group>";
		};
		058320FD29406D7500235023 /* FollowTableViewCell */ = {
			isa = PBXGroup;
			children = (
				058320FE29406D9D00235023 /* FollowTableViewCell.swift */,
				058320FF29406D9D00235023 /* FollowTableViewCell.xib */,
			);
			path = FollowTableViewCell;
			sourceTree = "<group>";
		};
		0583210229406FD900235023 /* FolowCollectionViewCell */ = {
			isa = PBXGroup;
			children = (
				0583210329406FFE00235023 /* FollowCollectionViewCell.swift */,
				0583210429406FFE00235023 /* FollowCollectionViewCell.xib */,
			);
			path = FolowCollectionViewCell;
			sourceTree = "<group>";
		};
		05832107294072D100235023 /* FooterTableViewCell */ = {
			isa = PBXGroup;
			children = (
				05832108294072E700235023 /* FooterTableViewCell.swift */,
				05832109294072E700235023 /* FooterTableViewCell.xib */,
			);
			path = FooterTableViewCell;
			sourceTree = "<group>";
		};
		058321112940984F00235023 /* BaseResponse */ = {
			isa = PBXGroup;
			children = (
				058321122940986400235023 /* BaseResponse.swift */,
			);
			path = BaseResponse;
			sourceTree = "<group>";
		};
		059DC87B2938617700D337DC = {
			isa = PBXGroup;
			children = (
				055D9C0C293DA82B00BE6D8F /* Helper */,
				059DC8862938617700D337DC /* MageApp */,
				05C577E829BB3CCE001C54DE /* MegaApp */,
				059DC8852938617700D337DC /* Products */,
				32AF6E3AC169FD0FC5EC9275 /* Pods */,
				814A2B92E8FA0425E64BB382 /* Frameworks */,
			);
			sourceTree = "<group>";
		};
		059DC8852938617700D337DC /* Products */ = {
			isa = PBXGroup;
			children = (
				059DC8842938617700D337DC /* MageApp.app */,
			);
			name = Products;
			sourceTree = "<group>";
		};
		059DC8862938617700D337DC /* MageApp */ = {
			isa = PBXGroup;
			children = (
				0560C2F429CBFDB2008C732E /* LoginViewController */,
				05751C0A29BF031C00BF9D15 /* MapViewController */,
				05B8CCBD29ADAE38007C3816 /* ARPaint */,
				0561EF7A29529F33006E0BD6 /* CHATGPT */,
				055D165F2939B5B800824475 /* OpenFashion */,
				055D165C29399F2100824475 /* Utilities */,
				05A03E4D2938926E00F19C0B /* Tabbar */,
				05A03E4B2938905C00F19C0B /* Storyboard */,
				05A03E482938900600F19C0B /* RootViewController */,
				059DC8872938617700D337DC /* AppDelegate.swift */,
				059DC8892938617700D337DC /* SceneDelegate.swift */,
				059DC8982938617800D337DC /* Info.plist */,
				059DC8932938617800D337DC /* Assets.xcassets */,
				0548520029ADEF7900E1383F /* Resource */,
				059DC8902938617700D337DC /* MageApp.xcdatamodeld */,
			);
			path = MageApp;
			sourceTree = "<group>";
		};
		05A03E482938900600F19C0B /* RootViewController */ = {
			isa = PBXGroup;
			children = (
				05A03E492938902100F19C0B /* RootViewController.swift */,
			);
			path = RootViewController;
			sourceTree = "<group>";
		};
		05A03E4B2938905C00F19C0B /* Storyboard */ = {
			isa = PBXGroup;
			children = (
				059DC88D2938617700D337DC /* Main.storyboard */,
				059DC8952938617800D337DC /* LaunchScreen.storyboard */,
			);
			path = Storyboard;
			sourceTree = "<group>";
		};
		05A03E4D2938926E00F19C0B /* Tabbar */ = {
			isa = PBXGroup;
			children = (
				05A03E54293893F900F19C0B /* Content */,
				05A03E52293893B800F19C0B /* ExampleNavigationController.swift */,
				05A03E4E293892A700F19C0B /* ExampleProvider.swift */,
				05A03E502938931400F19C0B /* ExampleViewController.swift */,
				05A03E742938AF6D00F19C0B /* CustomTabbarViewController.swift */,
			);
			path = Tabbar;
			sourceTree = "<group>";
		};
		05A03E54293893F900F19C0B /* Content */ = {
			isa = PBXGroup;
			children = (
				05A03E55293893F900F19C0B /* Background */,
				05A03E57293893F900F19C0B /* Irregularity */,
				05A03E59293893F900F19C0B /* Highlight */,
				05A03E5B293893F900F19C0B /* Basic */,
				05A03E5D293893F900F19C0B /* Bounces */,
				05A03E5F293893F900F19C0B /* Tips */,
				05A03E62293893F900F19C0B /* Lottie */,
			);
			path = Content;
			sourceTree = "<group>";
		};
		05A03E55293893F900F19C0B /* Background */ = {
			isa = PBXGroup;
			children = (
				05A03E56293893F900F19C0B /* ExampleBackgroundContentView.swift */,
			);
			path = Background;
			sourceTree = "<group>";
		};
		05A03E57293893F900F19C0B /* Irregularity */ = {
			isa = PBXGroup;
			children = (
				05A03E58293893F900F19C0B /* ExampleIrregularityContentView.swift */,
			);
			path = Irregularity;
			sourceTree = "<group>";
		};
		05A03E59293893F900F19C0B /* Highlight */ = {
			isa = PBXGroup;
			children = (
				05A03E5A293893F900F19C0B /* ExampleHighlightableContentView.swift */,
			);
			path = Highlight;
			sourceTree = "<group>";
		};
		05A03E5B293893F900F19C0B /* Basic */ = {
			isa = PBXGroup;
			children = (
				05A03E5C293893F900F19C0B /* ExampleBasicContentView.swift */,
			);
			path = Basic;
			sourceTree = "<group>";
		};
		05A03E5D293893F900F19C0B /* Bounces */ = {
			isa = PBXGroup;
			children = (
				05A03E5E293893F900F19C0B /* ExampleBouncesContentView.swift */,
			);
			path = Bounces;
			sourceTree = "<group>";
		};
		05A03E5F293893F900F19C0B /* Tips */ = {
			isa = PBXGroup;
			children = (
				05A03E60293893F900F19C0B /* ExampleAnimateTipsContentView.swift */,
				05A03E61293893F900F19C0B /* ExampleTipsContentView.swift */,
			);
			path = Tips;
			sourceTree = "<group>";
		};
		05A03E62293893F900F19C0B /* Lottie */ = {
			isa = PBXGroup;
			children = (
				05A03E63293893F900F19C0B /* IconTransitions.json */,
				05A03E64293893F900F19C0B /* LottieLogo1.json */,
				05A03E65293893F900F19C0B /* ExampleLottieAnimateContentView.swift */,
				05A03E66293893F900F19C0B /* Lottie.framework */,
			);
			path = Lottie;
			sourceTree = "<group>";
		};
		05A26BED293F1E7A008C8FD2 /* ProductCell */ = {
			isa = PBXGroup;
			children = (
				05A26BEE293F1E95008C8FD2 /* ProductTableViewCell.swift */,
				05A26BEF293F1E95008C8FD2 /* ProductTableViewCell.xib */,
			);
			path = ProductCell;
			sourceTree = "<group>";
		};
		05A26BF2293F2A08008C8FD2 /* TrendingCell */ = {
			isa = PBXGroup;
			children = (
				05A26BF3293F2A29008C8FD2 /* TrendingTableViewCell.swift */,
				05A26BF4293F2A29008C8FD2 /* TrendingTableViewCell.xib */,
			);
			path = TrendingCell;
			sourceTree = "<group>";
		};
		05A26BF7293F3B82008C8FD2 /* TitleCollectionViewCell */ = {
			isa = PBXGroup;
			children = (
				05A26BF8293F3BA6008C8FD2 /* TitleCollectionViewCell.swift */,
				05A26BF9293F3BA6008C8FD2 /* TitleCollectionViewCell.xib */,
			);
			path = TitleCollectionViewCell;
			sourceTree = "<group>";
		};
		05B4C7BE299F30C100D1DF4D /* HeaderView */ = {
			isa = PBXGroup;
			children = (
				05B4C7BF299F30DB00D1DF4D /* HeaderView.swift */,
			);
			path = HeaderView;
			sourceTree = "<group>";
		};
		05B8CCBD29ADAE38007C3816 /* ARPaint */ = {
			isa = PBXGroup;
			children = (
				054851FD29ADEDD000E1383F /* Plane */,
				054851F829ADDEA100E1383F /* FocusSquare */,
				05B8CCC029ADB0B4007C3816 /* VirtualObjects */,
				05B8CCBE29ADAE4F007C3816 /* ARPintViewController.swift */,
			);
			path = ARPaint;
			sourceTree = "<group>";
		};
		05B8CCC029ADB0B4007C3816 /* VirtualObjects */ = {
			isa = PBXGroup;
			children = (
				05B8CCC129ADB3B4007C3816 /* VirtualObjectManager.swift */,
				05B8CCC329ADB470007C3816 /* PointNode.swift */,
			);
			path = VirtualObjects;
			sourceTree = "<group>";
		};
		05C577E829BB3CCE001C54DE /* MegaApp */ = {
			isa = PBXGroup;
			children = (
				05C577E929BB3CCE001C54DE /* NotificationViewController.swift */,
				05C577EB29BB3CCE001C54DE /* MainInterface.storyboard */,
				05C577EE29BB3CCE001C54DE /* Info.plist */,
			);
			path = MegaApp;
			sourceTree = "<group>";
		};
		32AF6E3AC169FD0FC5EC9275 /* Pods */ = {
			isa = PBXGroup;
			children = (
				1A9F398263D13AA6A1EDA448 /* Pods-MageApp.debug.xcconfig */,
				B5DD83597858C247ACBB95B7 /* Pods-MageApp.release.xcconfig */,
			);
			path = Pods;
			sourceTree = "<group>";
		};
		814A2B92E8FA0425E64BB382 /* Frameworks */ = {
			isa = PBXGroup;
			children = (
				05751C0F29BF042300BF9D15 /* CoreLocation.framework */,
				0572087429AF318F002FCC48 /* ContactsUI.framework */,
				B9225823DA8FF1E39E15F2DA /* Pods_MageApp.framework */,
				05C577E429BB3CCE001C54DE /* UserNotifications.framework */,
				05C577E629BB3CCE001C54DE /* UserNotificationsUI.framework */,
			);
			name = Frameworks;
			sourceTree = "<group>";
		};
/* End PBXGroup section */

/* Begin PBXNativeTarget section */
		059DC8832938617700D337DC /* MageApp */ = {
			isa = PBXNativeTarget;
			buildConfigurationList = 059DC89B2938617800D337DC /* Build configuration list for PBXNativeTarget "MageApp" */;
			buildPhases = (
				444E0AC2A998E534E68D8C9F /* [CP] Check Pods Manifest.lock */,
				059DC8802938617700D337DC /* Sources */,
				059DC8812938617700D337DC /* Frameworks */,
				059DC8822938617700D337DC /* Resources */,
				B3BAEA6A88EFC2EB988F048B /* [CP] Embed Pods Frameworks */,
				05C577F129BB3CCE001C54DE /* Embed Foundation Extensions */,
				A69CF069CFB0B5267EBEFAA0 /* [CP] Copy Pods Resources */,
			);
			buildRules = (
			);
			dependencies = (
			);
			name = MageApp;
			packageProductDependencies = (
				0563374929516D58006E7B36 /* OpenAISwift */,
			);
			productName = MageApp;
			productReference = 059DC8842938617700D337DC /* MageApp.app */;
			productType = "com.apple.product-type.application";
		};
/* End PBXNativeTarget section */

/* Begin PBXProject section */
		059DC87C2938617700D337DC /* Project object */ = {
			isa = PBXProject;
			attributes = {
				BuildIndependentTargetsInParallel = 1;
				LastSwiftUpdateCheck = 1420;
				LastUpgradeCheck = 1410;
				TargetAttributes = {
					059DC8832938617700D337DC = {
						CreatedOnToolsVersion = 14.1;
					};
				};
			};
			buildConfigurationList = 059DC87F2938617700D337DC /* Build configuration list for PBXProject "MageApp" */;
			compatibilityVersion = "Xcode 13.0";
			developmentRegion = en;
			hasScannedForEncodings = 0;
			knownRegions = (
				en,
				Base,
			);
			mainGroup = 059DC87B2938617700D337DC;
			packageReferences = (
				0563374829516D58006E7B36 /* XCRemoteSwiftPackageReference "OpenAISwift" */,
			);
			productRefGroup = 059DC8852938617700D337DC /* Products */;
			projectDirPath = "";
			projectRoot = "";
			targets = (
				059DC8832938617700D337DC /* MageApp */,
			);
		};
/* End PBXProject section */

/* Begin PBXResourcesBuildPhase section */
		059DC8822938617700D337DC /* Resources */ = {
			isa = PBXResourcesBuildPhase;
			buildActionMask = 2147483647;
			files = (
				055D9C1A293DCB4100BE6D8F /* OFL.txt in Resources */,
				055D9C06293D86DC00BE6D8F /* MenuProductCell.xib in Resources */,
				055D9C21293DDB6E00BE6D8F /* Boss.png in Resources */,
				0561EF7F29529F64006E0BD6 /* ChatGPTViewController.xib in Resources */,
				055D9C2C293DDBFA00BE6D8F /* Tiffany&Co.png in Resources */,
				055D9C0B293D931A00BE6D8F /* MenuArrivalItemCell.xib in Resources */,
				055D16642939D5B300824475 /* Logo.png in Resources */,
				0583210B294072E700235023 /* FooterTableViewCell.xib in Resources */,
				059DC8972938617800D337DC /* LaunchScreen.storyboard in Resources */,
				05A26BFB293F3BA6008C8FD2 /* TitleCollectionViewCell.xib in Resources */,
				053F243C293EEEE700B90350 /* VideoTableViewCell.xib in Resources */,
				0548520529ADEFC000E1383F /* wood-diffuse.jpg in Resources */,
				055D166A2939F01200824475 /* TableViewCell.xib in Resources */,
				0548520929ADEFE300E1383F /* Models.scnassets in Resources */,
				0583210129406D9D00235023 /* FollowTableViewCell.xib in Resources */,
				059DC8942938617800D337DC /* Assets.xcassets in Resources */,
				055D9C24293DDB9500BE6D8F /* Burberry@2x.png in Resources */,
				055D9C28293DDBC800BE6D8F /* Catier.png in Resources */,
				059DC88F2938617700D337DC /* Main.storyboard in Resources */,
				05A26BF6293F2A29008C8FD2 /* TrendingTableViewCell.xib in Resources */,
				05A26BF1293F1E95008C8FD2 /* ProductTableViewCell.xib in Resources */,
				055D9C15293DCA0C00BE6D8F /* CartItemCollectionViewCell.xib in Resources */,
				055D9C19293DCB4100BE6D8F /* TenorSans-Regular.ttf in Resources */,
				055D9C26293DDBB500BE6D8F /* Prada.png in Resources */,
				0548520729ADEFC000E1383F /* wood-specular.jpg in Resources */,
				058320FC2940298600235023 /* OpenFashionTableViewCell.xib in Resources */,
				05A03E6F293893F900F19C0B /* LottieLogo1.json in Resources */,
				055D9C01293D857100BE6D8F /* Banner.png in Resources */,
				0583210629406FFE00235023 /* FollowCollectionViewCell.xib in Resources */,
				0548520629ADEFC000E1383F /* wood-normal.png in Resources */,
				055D166F2939F04700824475 /* CollectionViewCell.xib in Resources */,
				05751C0E29BF033600BF9D15 /* MapViewController.xib in Resources */,
				05A03E6E293893F900F19C0B /* IconTransitions.json in Resources */,
				055D9C1F293DD5F800BE6D8F /* BrandTableViewCell.xib in Resources */,
				055D9C2A293DDBE200BE6D8F /* Gucci.png in Resources */,
				0543ED37293EDA4B006A3B97 /* CollectionsCell.xib in Resources */,
			);
			runOnlyForDeploymentPostprocessing = 0;
		};
/* End PBXResourcesBuildPhase section */

/* Begin PBXShellScriptBuildPhase section */
		444E0AC2A998E534E68D8C9F /* [CP] Check Pods Manifest.lock */ = {
			isa = PBXShellScriptBuildPhase;
			buildActionMask = 2147483647;
			files = (
			);
			inputFileListPaths = (
			);
			inputPaths = (
				"${PODS_PODFILE_DIR_PATH}/Podfile.lock",
				"${PODS_ROOT}/Manifest.lock",
			);
			name = "[CP] Check Pods Manifest.lock";
			outputFileListPaths = (
			);
			outputPaths = (
				"$(DERIVED_FILE_DIR)/Pods-MageApp-checkManifestLockResult.txt",
			);
			runOnlyForDeploymentPostprocessing = 0;
			shellPath = /bin/sh;
			shellScript = "diff \"${PODS_PODFILE_DIR_PATH}/Podfile.lock\" \"${PODS_ROOT}/Manifest.lock\" > /dev/null\nif [ $? != 0 ] ; then\n    # print error to STDERR\n    echo \"error: The sandbox is not in sync with the Podfile.lock. Run 'pod install' or update your CocoaPods installation.\" >&2\n    exit 1\nfi\n# This output is used by Xcode 'outputs' to avoid re-running this script phase.\necho \"SUCCESS\" > \"${SCRIPT_OUTPUT_FILE_0}\"\n";
			showEnvVarsInLog = 0;
		};
		A69CF069CFB0B5267EBEFAA0 /* [CP] Copy Pods Resources */ = {
			isa = PBXShellScriptBuildPhase;
			buildActionMask = 2147483647;
			files = (
			);
			inputFileListPaths = (
				"${PODS_ROOT}/Target Support Files/Pods-MageApp/Pods-MageApp-resources-${CONFIGURATION}-input-files.xcfilelist",
			);
			name = "[CP] Copy Pods Resources";
			outputFileListPaths = (
				"${PODS_ROOT}/Target Support Files/Pods-MageApp/Pods-MageApp-resources-${CONFIGURATION}-output-files.xcfilelist",
			);
			runOnlyForDeploymentPostprocessing = 0;
			shellPath = /bin/sh;
			shellScript = "\"${PODS_ROOT}/Target Support Files/Pods-MageApp/Pods-MageApp-resources.sh\"\n";
			showEnvVarsInLog = 0;
		};
		B3BAEA6A88EFC2EB988F048B /* [CP] Embed Pods Frameworks */ = {
			isa = PBXShellScriptBuildPhase;
			buildActionMask = 2147483647;
			files = (
			);
			inputFileListPaths = (
				"${PODS_ROOT}/Target Support Files/Pods-MageApp/Pods-MageApp-frameworks-${CONFIGURATION}-input-files.xcfilelist",
			);
			name = "[CP] Embed Pods Frameworks";
			outputFileListPaths = (
				"${PODS_ROOT}/Target Support Files/Pods-MageApp/Pods-MageApp-frameworks-${CONFIGURATION}-output-files.xcfilelist",
			);
			runOnlyForDeploymentPostprocessing = 0;
			shellPath = /bin/sh;
			shellScript = "\"${PODS_ROOT}/Target Support Files/Pods-MageApp/Pods-MageApp-frameworks.sh\"\n";
			showEnvVarsInLog = 0;
		};
/* End PBXShellScriptBuildPhase section */

/* Begin PBXSourcesBuildPhase section */
		059DC8802938617700D337DC /* Sources */ = {
			isa = PBXSourcesBuildPhase;
			buildActionMask = 2147483647;
			files = (
				05A03E68293893F900F19C0B /* ExampleIrregularityContentView.swift in Sources */,
				05A03E4A2938902100F19C0B /* RootViewController.swift in Sources */,
				05A03E752938AF6D00F19C0B /* CustomTabbarViewController.swift in Sources */,
				05A26BF5293F2A29008C8FD2 /* TrendingTableViewCell.swift in Sources */,
				055D9C0A293D931A00BE6D8F /* MenuArrivalItemCell.swift in Sources */,
				059DC8882938617700D337DC /* AppDelegate.swift in Sources */,
				05B8CCC429ADB470007C3816 /* PointNode.swift in Sources */,
				055D9C05293D86DC00BE6D8F /* MenuProductCell.swift in Sources */,
				058321132940986400235023 /* BaseResponse.swift in Sources */,
				055D16692939F01200824475 /* TableViewCell.swift in Sources */,
				058320FB2940298600235023 /* OpenFashionTableViewCell.swift in Sources */,
				055D16612939D4C200824475 /* FashionHomeViewController.swift in Sources */,
				0583210529406FFE00235023 /* FollowCollectionViewCell.swift in Sources */,
				0583210029406D9D00235023 /* FollowTableViewCell.swift in Sources */,
				059DC88A2938617700D337DC /* SceneDelegate.swift in Sources */,
				05A26BF0293F1E95008C8FD2 /* ProductTableViewCell.swift in Sources */,
				054851FC29ADE04D00E1383F /* FocusSquareSegment.swift in Sources */,
				05A03E69293893F900F19C0B /* ExampleHighlightableContentView.swift in Sources */,
				05A03E6D293893F900F19C0B /* ExampleTipsContentView.swift in Sources */,
				05A03E67293893F900F19C0B /* ExampleBackgroundContentView.swift in Sources */,
				055D166E2939F04700824475 /* CollectionViewCell.swift in Sources */,
				05A03E70293893F900F19C0B /* ExampleLottieAnimateContentView.swift in Sources */,
				054851FF29ADEDD700E1383F /* Plane.swift in Sources */,
				05A03E53293893B800F19C0B /* ExampleNavigationController.swift in Sources */,
				05A03E6B293893F900F19C0B /* ExampleBouncesContentView.swift in Sources */,
				055D165E29399FA100824475 /* Extention.swift in Sources */,
				055D9C0F293DA85C00BE6D8F /* CollectionViewCenteredFlowLayout.swift in Sources */,
				054851F729ADDD1C00E1383F /* TextManager.swift in Sources */,
				05A03E4F293892A700F19C0B /* ExampleProvider.swift in Sources */,
				05B8CCC229ADB3B4007C3816 /* VirtualObjectManager.swift in Sources */,
				0543ED36293EDA4B006A3B97 /* CollectionsCell.swift in Sources */,
				059DC8922938617700D337DC /* MageApp.xcdatamodeld in Sources */,
				0583210D2940961D00235023 /* MegaHttps.swift in Sources */,
				054851FA29ADDEB700E1383F /* FocusSquare.swift in Sources */,
				05751C0D29BF033600BF9D15 /* MapViewController.swift in Sources */,
				05A03E6A293893F900F19C0B /* ExampleBasicContentView.swift in Sources */,
				05A03E6C293893F900F19C0B /* ExampleAnimateTipsContentView.swift in Sources */,
				055D9C14293DCA0C00BE6D8F /* CartItemCollectionViewCell.swift in Sources */,
				0560C2F629CBFDCA008C732E /* LoginViewController.swift in Sources */,
				05A03E512938931400F19C0B /* ExampleViewController.swift in Sources */,
				0561EF7E29529F64006E0BD6 /* ChatGPTViewController.swift in Sources */,
				05B4C7C0299F30DB00D1DF4D /* HeaderView.swift in Sources */,
				0583210A294072E700235023 /* FooterTableViewCell.swift in Sources */,
				058321172940995100235023 /* APIRouter.swift in Sources */,
				05A26BFA293F3BA6008C8FD2 /* TitleCollectionViewCell.swift in Sources */,
				054E39E32941853200F2E33E /* HomeModel.swift in Sources */,
				05B8CCBF29ADAE4F007C3816 /* ARPintViewController.swift in Sources */,
				055D9C1E293DD5F800BE6D8F /* BrandTableViewCell.swift in Sources */,
				053F243B293EEEE700B90350 /* VideoTableViewCell.swift in Sources */,
				058321152940990300235023 /* Configs.swift in Sources */,
			);
			runOnlyForDeploymentPostprocessing = 0;
		};
/* End PBXSourcesBuildPhase section */

/* Begin PBXVariantGroup section */
		059DC88D2938617700D337DC /* Main.storyboard */ = {
			isa = PBXVariantGroup;
			children = (
				059DC88E2938617700D337DC /* Base */,
			);
			name = Main.storyboard;
			sourceTree = "<group>";
		};
		059DC8952938617800D337DC /* LaunchScreen.storyboard */ = {
			isa = PBXVariantGroup;
			children = (
				059DC8962938617800D337DC /* Base */,
			);
			name = LaunchScreen.storyboard;
			sourceTree = "<group>";
		};
		05C577EB29BB3CCE001C54DE /* MainInterface.storyboard */ = {
			isa = PBXVariantGroup;
			children = (
				05C577EC29BB3CCE001C54DE /* Base */,
			);
			name = MainInterface.storyboard;
			sourceTree = "<group>";
		};
/* End PBXVariantGroup section */

/* Begin XCBuildConfiguration section */
		059DC8992938617800D337DC /* Debug */ = {
			isa = XCBuildConfiguration;
			buildSettings = {
				ALWAYS_SEARCH_USER_PATHS = NO;
				CLANG_ANALYZER_NONNULL = YES;
				CLANG_ANALYZER_NUMBER_OBJECT_CONVERSION = YES_AGGRESSIVE;
				CLANG_CXX_LANGUAGE_STANDARD = "gnu++20";
				CLANG_ENABLE_MODULES = YES;
				CLANG_ENABLE_OBJC_ARC = YES;
				CLANG_ENABLE_OBJC_WEAK = YES;
				CLANG_WARN_BLOCK_CAPTURE_AUTORELEASING = YES;
				CLANG_WARN_BOOL_CONVERSION = YES;
				CLANG_WARN_COMMA = YES;
				CLANG_WARN_CONSTANT_CONVERSION = YES;
				CLANG_WARN_DEPRECATED_OBJC_IMPLEMENTATIONS = YES;
				CLANG_WARN_DIRECT_OBJC_ISA_USAGE = YES_ERROR;
				CLANG_WARN_DOCUMENTATION_COMMENTS = YES;
				CLANG_WARN_EMPTY_BODY = YES;
				CLANG_WARN_ENUM_CONVERSION = YES;
				CLANG_WARN_INFINITE_RECURSION = YES;
				CLANG_WARN_INT_CONVERSION = YES;
				CLANG_WARN_NON_LITERAL_NULL_CONVERSION = YES;
				CLANG_WARN_OBJC_IMPLICIT_RETAIN_SELF = YES;
				CLANG_WARN_OBJC_LITERAL_CONVERSION = YES;
				CLANG_WARN_OBJC_ROOT_CLASS = YES_ERROR;
				CLANG_WARN_QUOTED_INCLUDE_IN_FRAMEWORK_HEADER = YES;
				CLANG_WARN_RANGE_LOOP_ANALYSIS = YES;
				CLANG_WARN_STRICT_PROTOTYPES = YES;
				CLANG_WARN_SUSPICIOUS_MOVE = YES;
				CLANG_WARN_UNGUARDED_AVAILABILITY = YES_AGGRESSIVE;
				CLANG_WARN_UNREACHABLE_CODE = YES;
				CLANG_WARN__DUPLICATE_METHOD_MATCH = YES;
				COPY_PHASE_STRIP = NO;
				DEBUG_INFORMATION_FORMAT = dwarf;
				ENABLE_STRICT_OBJC_MSGSEND = YES;
				ENABLE_TESTABILITY = YES;
				GCC_C_LANGUAGE_STANDARD = gnu11;
				GCC_DYNAMIC_NO_PIC = NO;
				GCC_NO_COMMON_BLOCKS = YES;
				GCC_OPTIMIZATION_LEVEL = 0;
				GCC_PREPROCESSOR_DEFINITIONS = (
					"DEBUG=1",
					"$(inherited)",
				);
				GCC_WARN_64_TO_32_BIT_CONVERSION = YES;
				GCC_WARN_ABOUT_RETURN_TYPE = YES_ERROR;
				GCC_WARN_UNDECLARED_SELECTOR = YES;
				GCC_WARN_UNINITIALIZED_AUTOS = YES_AGGRESSIVE;
				GCC_WARN_UNUSED_FUNCTION = YES;
				GCC_WARN_UNUSED_VARIABLE = YES;
				IPHONEOS_DEPLOYMENT_TARGET = 13.0;
				MTL_ENABLE_DEBUG_INFO = INCLUDE_SOURCE;
				MTL_FAST_MATH = YES;
				ONLY_ACTIVE_ARCH = YES;
				SDKROOT = iphoneos;
				SWIFT_ACTIVE_COMPILATION_CONDITIONS = DEBUG;
				SWIFT_OPTIMIZATION_LEVEL = "-Onone";
			};
			name = Debug;
		};
		059DC89A2938617800D337DC /* Release */ = {
			isa = XCBuildConfiguration;
			buildSettings = {
				ALWAYS_SEARCH_USER_PATHS = NO;
				CLANG_ANALYZER_NONNULL = YES;
				CLANG_ANALYZER_NUMBER_OBJECT_CONVERSION = YES_AGGRESSIVE;
				CLANG_CXX_LANGUAGE_STANDARD = "gnu++20";
				CLANG_ENABLE_MODULES = YES;
				CLANG_ENABLE_OBJC_ARC = YES;
				CLANG_ENABLE_OBJC_WEAK = YES;
				CLANG_WARN_BLOCK_CAPTURE_AUTORELEASING = YES;
				CLANG_WARN_BOOL_CONVERSION = YES;
				CLANG_WARN_COMMA = YES;
				CLANG_WARN_CONSTANT_CONVERSION = YES;
				CLANG_WARN_DEPRECATED_OBJC_IMPLEMENTATIONS = YES;
				CLANG_WARN_DIRECT_OBJC_ISA_USAGE = YES_ERROR;
				CLANG_WARN_DOCUMENTATION_COMMENTS = YES;
				CLANG_WARN_EMPTY_BODY = YES;
				CLANG_WARN_ENUM_CONVERSION = YES;
				CLANG_WARN_INFINITE_RECURSION = YES;
				CLANG_WARN_INT_CONVERSION = YES;
				CLANG_WARN_NON_LITERAL_NULL_CONVERSION = YES;
				CLANG_WARN_OBJC_IMPLICIT_RETAIN_SELF = YES;
				CLANG_WARN_OBJC_LITERAL_CONVERSION = YES;
				CLANG_WARN_OBJC_ROOT_CLASS = YES_ERROR;
				CLANG_WARN_QUOTED_INCLUDE_IN_FRAMEWORK_HEADER = YES;
				CLANG_WARN_RANGE_LOOP_ANALYSIS = YES;
				CLANG_WARN_STRICT_PROTOTYPES = YES;
				CLANG_WARN_SUSPICIOUS_MOVE = YES;
				CLANG_WARN_UNGUARDED_AVAILABILITY = YES_AGGRESSIVE;
				CLANG_WARN_UNREACHABLE_CODE = YES;
				CLANG_WARN__DUPLICATE_METHOD_MATCH = YES;
				COPY_PHASE_STRIP = NO;
				DEBUG_INFORMATION_FORMAT = "dwarf-with-dsym";
				ENABLE_NS_ASSERTIONS = NO;
				ENABLE_STRICT_OBJC_MSGSEND = YES;
				GCC_C_LANGUAGE_STANDARD = gnu11;
				GCC_NO_COMMON_BLOCKS = YES;
				GCC_WARN_64_TO_32_BIT_CONVERSION = YES;
				GCC_WARN_ABOUT_RETURN_TYPE = YES_ERROR;
				GCC_WARN_UNDECLARED_SELECTOR = YES;
				GCC_WARN_UNINITIALIZED_AUTOS = YES_AGGRESSIVE;
				GCC_WARN_UNUSED_FUNCTION = YES;
				GCC_WARN_UNUSED_VARIABLE = YES;
				IPHONEOS_DEPLOYMENT_TARGET = 13.0;
				MTL_ENABLE_DEBUG_INFO = NO;
				MTL_FAST_MATH = YES;
				ONLY_ACTIVE_ARCH = YES;
				SDKROOT = iphoneos;
				SWIFT_COMPILATION_MODE = wholemodule;
				SWIFT_OPTIMIZATION_LEVEL = "-O";
				VALIDATE_PRODUCT = YES;
			};
			name = Release;
		};
		059DC89C2938617800D337DC /* Debug */ = {
			isa = XCBuildConfiguration;
			baseConfigurationReference = 1A9F398263D13AA6A1EDA448 /* Pods-MageApp.debug.xcconfig */;
			buildSettings = {
				ALWAYS_EMBED_SWIFT_STANDARD_LIBRARIES = YES;
				ASSETCATALOG_COMPILER_APPICON_NAME = AppIcon;
				ASSETCATALOG_COMPILER_GLOBAL_ACCENT_COLOR_NAME = AccentColor;
				CODE_SIGN_IDENTITY = "Apple Development";
				CODE_SIGN_STYLE = Automatic;
				CURRENT_PROJECT_VERSION = 1;
				DEVELOPMENT_TEAM = 7755R4CX4U;
				FRAMEWORK_SEARCH_PATHS = (
					"$(inherited)",
					"$(PROJECT_DIR)/MageApp/Tabbar/Content/Lottie",
				);
				GENERATE_INFOPLIST_FILE = YES;
				INFOPLIST_FILE = MageApp/Info.plist;
				INFOPLIST_KEY_NSCameraUsageDescription = "The camera is used for augmenting reality";
				INFOPLIST_KEY_NSContactsUsageDescription = "$(PRODUCT_NAME) will try to match your friends with the contacts on your device.";
				INFOPLIST_KEY_NSLocationAlwaysAndWhenInUseUsageDescription = "";
				INFOPLIST_KEY_NSLocationAlwaysUsageDescription = "";
				INFOPLIST_KEY_NSLocationWhenInUseUsageDescription = "The location is used for augmenting reality";
				INFOPLIST_KEY_NSPhotoLibraryAddUsageDescription = "Save photos of your ARExperience";
				INFOPLIST_KEY_NSPhotoLibraryUsageDescription = "Save photos of your AR experience";
				INFOPLIST_KEY_UIApplicationSupportsIndirectInputEvents = YES;
				INFOPLIST_KEY_UILaunchStoryboardName = LaunchScreen.storyboard;
				INFOPLIST_KEY_UIMainStoryboardFile = Main;
				INFOPLIST_KEY_UISupportedInterfaceOrientations = UIInterfaceOrientationPortrait;
				INFOPLIST_KEY_UISupportedInterfaceOrientations_iPad = "UIInterfaceOrientationLandscapeLeft UIInterfaceOrientationLandscapeRight UIInterfaceOrientationPortrait UIInterfaceOrientationPortraitUpsideDown";
				IPHONEOS_DEPLOYMENT_TARGET = 13.0;
				LD_RUNPATH_SEARCH_PATHS = (
					"$(inherited)",
					"@executable_path/Frameworks",
				);
				MARKETING_VERSION = 1.0;
				PRODUCT_BUNDLE_IDENTIFIER = Ftel.Su12.Test;
				PRODUCT_NAME = "$(TARGET_NAME)";
				PROVISIONING_PROFILE_SPECIFIER = "";
				SUPPORTED_PLATFORMS = "iphoneos iphonesimulator";
				SUPPORTS_MACCATALYST = NO;
				SUPPORTS_MAC_DESIGNED_FOR_IPHONE_IPAD = YES;
				SWIFT_EMIT_LOC_STRINGS = YES;
				SWIFT_VERSION = 5.0;
				TARGETED_DEVICE_FAMILY = 1;
			};
			name = Debug;
		};
		059DC89D2938617800D337DC /* Release */ = {
			isa = XCBuildConfiguration;
			baseConfigurationReference = B5DD83597858C247ACBB95B7 /* Pods-MageApp.release.xcconfig */;
			buildSettings = {
				ALWAYS_EMBED_SWIFT_STANDARD_LIBRARIES = YES;
				ASSETCATALOG_COMPILER_APPICON_NAME = AppIcon;
				ASSETCATALOG_COMPILER_GLOBAL_ACCENT_COLOR_NAME = AccentColor;
				CODE_SIGN_IDENTITY = "Apple Development";
				CODE_SIGN_STYLE = Automatic;
				CURRENT_PROJECT_VERSION = 1;
				DEVELOPMENT_TEAM = 7755R4CX4U;
				FRAMEWORK_SEARCH_PATHS = (
					"$(inherited)",
					"$(PROJECT_DIR)/MageApp/Tabbar/Content/Lottie",
				);
				GENERATE_INFOPLIST_FILE = YES;
				INFOPLIST_FILE = MageApp/Info.plist;
				INFOPLIST_KEY_NSCameraUsageDescription = "The camera is used for augmenting reality";
				INFOPLIST_KEY_NSContactsUsageDescription = "$(PRODUCT_NAME) will try to match your friends with the contacts on your device.";
				INFOPLIST_KEY_NSLocationAlwaysAndWhenInUseUsageDescription = "";
				INFOPLIST_KEY_NSLocationAlwaysUsageDescription = "";
				INFOPLIST_KEY_NSLocationWhenInUseUsageDescription = "The location is used for augmenting reality";
				INFOPLIST_KEY_NSPhotoLibraryAddUsageDescription = "Save photos of your ARExperience";
				INFOPLIST_KEY_NSPhotoLibraryUsageDescription = "Save photos of your AR experience";
				INFOPLIST_KEY_UIApplicationSupportsIndirectInputEvents = YES;
				INFOPLIST_KEY_UILaunchStoryboardName = LaunchScreen.storyboard;
				INFOPLIST_KEY_UIMainStoryboardFile = Main;
				INFOPLIST_KEY_UISupportedInterfaceOrientations = UIInterfaceOrientationPortrait;
				INFOPLIST_KEY_UISupportedInterfaceOrientations_iPad = "UIInterfaceOrientationLandscapeLeft UIInterfaceOrientationLandscapeRight UIInterfaceOrientationPortrait UIInterfaceOrientationPortraitUpsideDown";
				IPHONEOS_DEPLOYMENT_TARGET = 13.0;
				LD_RUNPATH_SEARCH_PATHS = (
					"$(inherited)",
					"@executable_path/Frameworks",
				);
				MARKETING_VERSION = 1.0;
				PRODUCT_BUNDLE_IDENTIFIER = Ftel.Su12.Test;
				PRODUCT_NAME = "$(TARGET_NAME)";
				SUPPORTED_PLATFORMS = "iphoneos iphonesimulator";
				SUPPORTS_MACCATALYST = NO;
				SUPPORTS_MAC_DESIGNED_FOR_IPHONE_IPAD = YES;
				SWIFT_EMIT_LOC_STRINGS = YES;
				SWIFT_VERSION = 5.0;
				TARGETED_DEVICE_FAMILY = 1;
			};
			name = Release;
		};
/* End XCBuildConfiguration section */

/* Begin XCConfigurationList section */
		059DC87F2938617700D337DC /* Build configuration list for PBXProject "MageApp" */ = {
			isa = XCConfigurationList;
			buildConfigurations = (
				059DC8992938617800D337DC /* Debug */,
				059DC89A2938617800D337DC /* Release */,
			);
			defaultConfigurationIsVisible = 0;
			defaultConfigurationName = Release;
		};
		059DC89B2938617800D337DC /* Build configuration list for PBXNativeTarget "MageApp" */ = {
			isa = XCConfigurationList;
			buildConfigurations = (
				059DC89C2938617800D337DC /* Debug */,
				059DC89D2938617800D337DC /* Release */,
			);
			defaultConfigurationIsVisible = 0;
			defaultConfigurationName = Release;
		};
/* End XCConfigurationList section */

/* Begin XCRemoteSwiftPackageReference section */
		0563374829516D58006E7B36 /* XCRemoteSwiftPackageReference "OpenAISwift" */ = {
			isa = XCRemoteSwiftPackageReference;
			repositoryURL = "https://github.com/adamrushy/OpenAISwift";
			requirement = {
				kind = upToNextMajorVersion;
				minimumVersion = 1.0.0;
			};
		};
/* End XCRemoteSwiftPackageReference section */

/* Begin XCSwiftPackageProductDependency section */
		0563374929516D58006E7B36 /* OpenAISwift */ = {
			isa = XCSwiftPackageProductDependency;
			package = 0563374829516D58006E7B36 /* XCRemoteSwiftPackageReference "OpenAISwift" */;
			productName = OpenAISwift;
		};
/* End XCSwiftPackageProductDependency section */

/* Begin XCVersionGroup section */
		059DC8902938617700D337DC /* MageApp.xcdatamodeld */ = {
			isa = XCVersionGroup;
			children = (
				059DC8912938617700D337DC /* MageApp.xcdatamodel */,
			);
			currentVersion = 059DC8912938617700D337DC /* MageApp.xcdatamodel */;
			path = MageApp.xcdatamodeld;
			sourceTree = "<group>";
			versionGroupType = wrapper.xcdatamodel;
		};
/* End XCVersionGroup section */
	};
	rootObject = 059DC87C2938617700D337DC /* Project object */;
}
